// !$*UTF8*$!
{
	archiveVersion = 1;
	classes = {
	};
	objectVersion = 55;
	objects = {

/* Begin PBXBuildFile section */
		0D097B3D435C357ED7EB890B /* Pods_MeetMe.framework in Frameworks */ = {isa = PBXBuildFile; fileRef = C8F62E88697E24C77D8BB9A6 /* Pods_MeetMe.framework */; };
		5BE927B42722005A005254BF /* GoogleService-Info.plist in Resources */ = {isa = PBXBuildFile; fileRef = 5BE927B32722005A005254BF /* GoogleService-Info.plist */; };
		8D22CE24271CE300001BE602 /* Event.swift in Sources */ = {isa = PBXBuildFile; fileRef = 8D22CE23271CE300001BE602 /* Event.swift */; };
		A11FC8FC271E25C3005C37B1 /* GroupsClass.swift in Sources */ = {isa = PBXBuildFile; fileRef = A11FC8FB271E25C3005C37B1 /* GroupsClass.swift */; };
		A11FC8FE271E279F005C37B1 /* UserClass.swift in Sources */ = {isa = PBXBuildFile; fileRef = A11FC8FD271E279F005C37B1 /* UserClass.swift */; };
		A153D6312733611D00DE247E /* GroupsTableViewCell.swift in Sources */ = {isa = PBXBuildFile; fileRef = A153D6302733611C00DE247E /* GroupsTableViewCell.swift */; };
		B698C9C8274EB0C100B608D6 /* StackTableViewCell.swift in Sources */ = {isa = PBXBuildFile; fileRef = B698C9C7274EB0C000B608D6 /* StackTableViewCell.swift */; };
		B6ED5CAD2722682600D33A08 /* README.pdf in Resources */ = {isa = PBXBuildFile; fileRef = B6ED5CAC2722682600D33A08 /* README.pdf */; };
		B6F255112713DF400089FF17 /* AppDelegate.swift in Sources */ = {isa = PBXBuildFile; fileRef = B6F255102713DF400089FF17 /* AppDelegate.swift */; };
		B6F255132713DF400089FF17 /* SceneDelegate.swift in Sources */ = {isa = PBXBuildFile; fileRef = B6F255122713DF400089FF17 /* SceneDelegate.swift */; };
		B6F255152713DF400089FF17 /* ViewController.swift in Sources */ = {isa = PBXBuildFile; fileRef = B6F255142713DF400089FF17 /* ViewController.swift */; };
		B6F255182713DF400089FF17 /* Main.storyboard in Resources */ = {isa = PBXBuildFile; fileRef = B6F255162713DF400089FF17 /* Main.storyboard */; };
		B6F2551B2713DF400089FF17 /* MeetMe.xcdatamodeld in Sources */ = {isa = PBXBuildFile; fileRef = B6F255192713DF400089FF17 /* MeetMe.xcdatamodeld */; };
		B6F2551D2713DF420089FF17 /* Assets.xcassets in Resources */ = {isa = PBXBuildFile; fileRef = B6F2551C2713DF420089FF17 /* Assets.xcassets */; };
		B6F255202713DF420089FF17 /* LaunchScreen.storyboard in Resources */ = {isa = PBXBuildFile; fileRef = B6F2551E2713DF420089FF17 /* LaunchScreen.storyboard */; };
		B6F255282714B1220089FF17 /* SignUpViewController.swift in Sources */ = {isa = PBXBuildFile; fileRef = B6F255272714B1220089FF17 /* SignUpViewController.swift */; };
		B6F2552A2714D6120089FF17 /* GroupBrowserViewController.swift in Sources */ = {isa = PBXBuildFile; fileRef = B6F255292714D6120089FF17 /* GroupBrowserViewController.swift */; };
		B6F2552C271529830089FF17 /* GroupCreationViewController.swift in Sources */ = {isa = PBXBuildFile; fileRef = B6F2552B271529830089FF17 /* GroupCreationViewController.swift */; };
		B6F2552E2715395A0089FF17 /* FriendListViewController.swift in Sources */ = {isa = PBXBuildFile; fileRef = B6F2552D2715395A0089FF17 /* FriendListViewController.swift */; };
		B6F25530271542F80089FF17 /* GroupStackViewController.swift in Sources */ = {isa = PBXBuildFile; fileRef = B6F2552F271542F80089FF17 /* GroupStackViewController.swift */; };
		B6F255322715F6DF0089FF17 /* GroupSettingsViewController.swift in Sources */ = {isa = PBXBuildFile; fileRef = B6F255312715F6DE0089FF17 /* GroupSettingsViewController.swift */; };
		B6F255342716916C0089FF17 /* CreateEventViewController.swift in Sources */ = {isa = PBXBuildFile; fileRef = B6F255332716916B0089FF17 /* CreateEventViewController.swift */; };
		B6F25536271BE43A0089FF17 /* SettingsViewController.swift in Sources */ = {isa = PBXBuildFile; fileRef = B6F25535271BE43A0089FF17 /* SettingsViewController.swift */; };
		B6F25538271BE4530089FF17 /* SearchViewController.swift in Sources */ = {isa = PBXBuildFile; fileRef = B6F25537271BE4530089FF17 /* SearchViewController.swift */; };
		B6F2553A271BE4690089FF17 /* NotificationsViewController.swift in Sources */ = {isa = PBXBuildFile; fileRef = B6F25539271BE4690089FF17 /* NotificationsViewController.swift */; };
		B6F2553C271BE4800089FF17 /* MyStackViewController.swift in Sources */ = {isa = PBXBuildFile; fileRef = B6F2553B271BE4800089FF17 /* MyStackViewController.swift */; };
		B6F2553E271BFA260089FF17 /* MeetMeTabBarController.swift in Sources */ = {isa = PBXBuildFile; fileRef = B6F2553D271BFA260089FF17 /* MeetMeTabBarController.swift */; };
		B6F255402720E5E40089FF17 /* EventDetailsViewController.swift in Sources */ = {isa = PBXBuildFile; fileRef = B6F2553F2720E5E30089FF17 /* EventDetailsViewController.swift */; };
/* End PBXBuildFile section */

/* Begin PBXFileReference section */
		5B987BFD27544CFE0082AEC5 /* es-419 */ = {isa = PBXFileReference; lastKnownFileType = text.plist.strings; name = "es-419"; path = "es-419.lproj/Main.strings"; sourceTree = "<group>"; };
		5B987BFE27544D000082AEC5 /* es-419 */ = {isa = PBXFileReference; lastKnownFileType = text.plist.strings; name = "es-419"; path = "es-419.lproj/LaunchScreen.strings"; sourceTree = "<group>"; };
		5B987BFF2754543A0082AEC5 /* es */ = {isa = PBXFileReference; lastKnownFileType = text.plist.strings; name = es; path = es.lproj/Main.strings; sourceTree = "<group>"; };
		5B987C002754543B0082AEC5 /* es */ = {isa = PBXFileReference; lastKnownFileType = text.plist.strings; name = es; path = es.lproj/LaunchScreen.strings; sourceTree = "<group>"; };
		5BE927B32722005A005254BF /* GoogleService-Info.plist */ = {isa = PBXFileReference; fileEncoding = 4; lastKnownFileType = text.plist.xml; path = "GoogleService-Info.plist"; sourceTree = "<group>"; };
		72988190ACDF0A01EC9E0CE9 /* Pods-MeetMe.release.xcconfig */ = {isa = PBXFileReference; includeInIndex = 1; lastKnownFileType = text.xcconfig; name = "Pods-MeetMe.release.xcconfig"; path = "Target Support Files/Pods-MeetMe/Pods-MeetMe.release.xcconfig"; sourceTree = "<group>"; };
		8D22CE23271CE300001BE602 /* Event.swift */ = {isa = PBXFileReference; lastKnownFileType = sourcecode.swift; path = Event.swift; sourceTree = "<group>"; };
		A11FC8FB271E25C3005C37B1 /* GroupsClass.swift */ = {isa = PBXFileReference; lastKnownFileType = sourcecode.swift; path = GroupsClass.swift; sourceTree = "<group>"; };
		A11FC8FD271E279F005C37B1 /* UserClass.swift */ = {isa = PBXFileReference; lastKnownFileType = sourcecode.swift; path = UserClass.swift; sourceTree = "<group>"; };
		A153D6302733611C00DE247E /* GroupsTableViewCell.swift */ = {isa = PBXFileReference; lastKnownFileType = sourcecode.swift; path = GroupsTableViewCell.swift; sourceTree = "<group>"; };
		B698C9C7274EB0C000B608D6 /* StackTableViewCell.swift */ = {isa = PBXFileReference; lastKnownFileType = sourcecode.swift; path = StackTableViewCell.swift; sourceTree = "<group>"; };
		B6ED5CAC2722682600D33A08 /* README.pdf */ = {isa = PBXFileReference; lastKnownFileType = image.pdf; path = README.pdf; sourceTree = "<group>"; };
		B6F2550D2713DF400089FF17 /* MeetMe.app */ = {isa = PBXFileReference; explicitFileType = wrapper.application; includeInIndex = 0; path = MeetMe.app; sourceTree = BUILT_PRODUCTS_DIR; };
		B6F255102713DF400089FF17 /* AppDelegate.swift */ = {isa = PBXFileReference; lastKnownFileType = sourcecode.swift; path = AppDelegate.swift; sourceTree = "<group>"; };
		B6F255122713DF400089FF17 /* SceneDelegate.swift */ = {isa = PBXFileReference; lastKnownFileType = sourcecode.swift; path = SceneDelegate.swift; sourceTree = "<group>"; };
		B6F255142713DF400089FF17 /* ViewController.swift */ = {isa = PBXFileReference; lastKnownFileType = sourcecode.swift; path = ViewController.swift; sourceTree = "<group>"; };
		B6F255172713DF400089FF17 /* Base */ = {isa = PBXFileReference; lastKnownFileType = file.storyboard; name = Base; path = Base.lproj/Main.storyboard; sourceTree = "<group>"; };
		B6F2551A2713DF400089FF17 /* MeetMe.xcdatamodel */ = {isa = PBXFileReference; lastKnownFileType = wrapper.xcdatamodel; path = MeetMe.xcdatamodel; sourceTree = "<group>"; };
		B6F2551C2713DF420089FF17 /* Assets.xcassets */ = {isa = PBXFileReference; lastKnownFileType = folder.assetcatalog; path = Assets.xcassets; sourceTree = "<group>"; };
		B6F2551F2713DF420089FF17 /* Base */ = {isa = PBXFileReference; lastKnownFileType = file.storyboard; name = Base; path = Base.lproj/LaunchScreen.storyboard; sourceTree = "<group>"; };
		B6F255212713DF420089FF17 /* Info.plist */ = {isa = PBXFileReference; lastKnownFileType = text.plist.xml; path = Info.plist; sourceTree = "<group>"; };
		B6F255272714B1220089FF17 /* SignUpViewController.swift */ = {isa = PBXFileReference; lastKnownFileType = sourcecode.swift; path = SignUpViewController.swift; sourceTree = "<group>"; };
		B6F255292714D6120089FF17 /* GroupBrowserViewController.swift */ = {isa = PBXFileReference; lastKnownFileType = sourcecode.swift; path = GroupBrowserViewController.swift; sourceTree = "<group>"; };
		B6F2552B271529830089FF17 /* GroupCreationViewController.swift */ = {isa = PBXFileReference; lastKnownFileType = sourcecode.swift; path = GroupCreationViewController.swift; sourceTree = "<group>"; };
		B6F2552D2715395A0089FF17 /* FriendListViewController.swift */ = {isa = PBXFileReference; lastKnownFileType = sourcecode.swift; path = FriendListViewController.swift; sourceTree = "<group>"; };
		B6F2552F271542F80089FF17 /* GroupStackViewController.swift */ = {isa = PBXFileReference; lastKnownFileType = sourcecode.swift; path = GroupStackViewController.swift; sourceTree = "<group>"; };
		B6F255312715F6DE0089FF17 /* GroupSettingsViewController.swift */ = {isa = PBXFileReference; lastKnownFileType = sourcecode.swift; path = GroupSettingsViewController.swift; sourceTree = "<group>"; };
		B6F255332716916B0089FF17 /* CreateEventViewController.swift */ = {isa = PBXFileReference; lastKnownFileType = sourcecode.swift; path = CreateEventViewController.swift; sourceTree = "<group>"; };
		B6F25535271BE43A0089FF17 /* SettingsViewController.swift */ = {isa = PBXFileReference; lastKnownFileType = sourcecode.swift; path = SettingsViewController.swift; sourceTree = "<group>"; };
		B6F25537271BE4530089FF17 /* SearchViewController.swift */ = {isa = PBXFileReference; lastKnownFileType = sourcecode.swift; path = SearchViewController.swift; sourceTree = "<group>"; };
		B6F25539271BE4690089FF17 /* NotificationsViewController.swift */ = {isa = PBXFileReference; lastKnownFileType = sourcecode.swift; path = NotificationsViewController.swift; sourceTree = "<group>"; };
		B6F2553B271BE4800089FF17 /* MyStackViewController.swift */ = {isa = PBXFileReference; lastKnownFileType = sourcecode.swift; path = MyStackViewController.swift; sourceTree = "<group>"; };
		B6F2553D271BFA260089FF17 /* MeetMeTabBarController.swift */ = {isa = PBXFileReference; lastKnownFileType = sourcecode.swift; path = MeetMeTabBarController.swift; sourceTree = "<group>"; };
		B6F2553F2720E5E30089FF17 /* EventDetailsViewController.swift */ = {isa = PBXFileReference; lastKnownFileType = sourcecode.swift; path = EventDetailsViewController.swift; sourceTree = "<group>"; };
		C7D0EE66F11416DA690E5EA7 /* Pods-MeetMe.debug.xcconfig */ = {isa = PBXFileReference; includeInIndex = 1; lastKnownFileType = text.xcconfig; name = "Pods-MeetMe.debug.xcconfig"; path = "Target Support Files/Pods-MeetMe/Pods-MeetMe.debug.xcconfig"; sourceTree = "<group>"; };
		C8F62E88697E24C77D8BB9A6 /* Pods_MeetMe.framework */ = {isa = PBXFileReference; explicitFileType = wrapper.framework; includeInIndex = 0; path = Pods_MeetMe.framework; sourceTree = BUILT_PRODUCTS_DIR; };
/* End PBXFileReference section */

/* Begin PBXFrameworksBuildPhase section */
		B6F2550A2713DF400089FF17 /* Frameworks */ = {
			isa = PBXFrameworksBuildPhase;
			buildActionMask = 2147483647;
			files = (
				0D097B3D435C357ED7EB890B /* Pods_MeetMe.framework in Frameworks */,
			);
			runOnlyForDeploymentPostprocessing = 0;
		};
/* End PBXFrameworksBuildPhase section */

/* Begin PBXGroup section */
		90DF9EA02441C66F58DB71AC /* Frameworks */ = {
			isa = PBXGroup;
			children = (
				C8F62E88697E24C77D8BB9A6 /* Pods_MeetMe.framework */,
			);
			name = Frameworks;
			sourceTree = "<group>";
		};
		AB8866C59FB17816D7B18044 /* Pods */ = {
			isa = PBXGroup;
			children = (
				C7D0EE66F11416DA690E5EA7 /* Pods-MeetMe.debug.xcconfig */,
				72988190ACDF0A01EC9E0CE9 /* Pods-MeetMe.release.xcconfig */,
			);
			path = Pods;
			sourceTree = "<group>";
		};
		B6F255042713DF3F0089FF17 = {
			isa = PBXGroup;
			children = (
				B6F2550F2713DF400089FF17 /* MeetMe */,
				B6F2550E2713DF400089FF17 /* Products */,
				AB8866C59FB17816D7B18044 /* Pods */,
				90DF9EA02441C66F58DB71AC /* Frameworks */,
			);
			sourceTree = "<group>";
		};
		B6F2550E2713DF400089FF17 /* Products */ = {
			isa = PBXGroup;
			children = (
				B6F2550D2713DF400089FF17 /* MeetMe.app */,
			);
			name = Products;
			sourceTree = "<group>";
		};
		B6F2550F2713DF400089FF17 /* MeetMe */ = {
			isa = PBXGroup;
			children = (
				B6ED5CAC2722682600D33A08 /* README.pdf */,
				8D22CE23271CE300001BE602 /* Event.swift */,
				B6F255102713DF400089FF17 /* AppDelegate.swift */,
				B6F255122713DF400089FF17 /* SceneDelegate.swift */,
				B6F255142713DF400089FF17 /* ViewController.swift */,
				B6F255272714B1220089FF17 /* SignUpViewController.swift */,
				B6F255162713DF400089FF17 /* Main.storyboard */,
				B6F2553F2720E5E30089FF17 /* EventDetailsViewController.swift */,
				B6F2553D271BFA260089FF17 /* MeetMeTabBarController.swift */,
				B6F25535271BE43A0089FF17 /* SettingsViewController.swift */,
				B6F25537271BE4530089FF17 /* SearchViewController.swift */,
				B6F25539271BE4690089FF17 /* NotificationsViewController.swift */,
				B6F2553B271BE4800089FF17 /* MyStackViewController.swift */,
				B6F255312715F6DE0089FF17 /* GroupSettingsViewController.swift */,
				B6F2552F271542F80089FF17 /* GroupStackViewController.swift */,
				B6F2552D2715395A0089FF17 /* FriendListViewController.swift */,
				B6F2552B271529830089FF17 /* GroupCreationViewController.swift */,
				B6F255292714D6120089FF17 /* GroupBrowserViewController.swift */,
				A11FC8FB271E25C3005C37B1 /* GroupsClass.swift */,
				A11FC8FD271E279F005C37B1 /* UserClass.swift */,
				A153D6302733611C00DE247E /* GroupsTableViewCell.swift */,
				B6F255332716916B0089FF17 /* CreateEventViewController.swift */,
				B698C9C7274EB0C000B608D6 /* StackTableViewCell.swift */,
				5BE927B32722005A005254BF /* GoogleService-Info.plist */,
				B6F2551C2713DF420089FF17 /* Assets.xcassets */,
				B6F2551E2713DF420089FF17 /* LaunchScreen.storyboard */,
				B6F255212713DF420089FF17 /* Info.plist */,
				B6F255192713DF400089FF17 /* MeetMe.xcdatamodeld */,
			);
			path = MeetMe;
			sourceTree = "<group>";
		};
/* End PBXGroup section */

/* Begin PBXNativeTarget section */
		B6F2550C2713DF400089FF17 /* MeetMe */ = {
			isa = PBXNativeTarget;
			buildConfigurationList = B6F255242713DF420089FF17 /* Build configuration list for PBXNativeTarget "MeetMe" */;
			buildPhases = (
				7CCAE4F97B567EF048777C3E /* [CP] Check Pods Manifest.lock */,
				B6F255092713DF400089FF17 /* Sources */,
				B6F2550A2713DF400089FF17 /* Frameworks */,
				B6F2550B2713DF400089FF17 /* Resources */,
				2CC4137BBB7F4B847308F39E /* [CP] Embed Pods Frameworks */,
			);
			buildRules = (
			);
			dependencies = (
			);
			name = MeetMe;
			productName = MeetMe;
			productReference = B6F2550D2713DF400089FF17 /* MeetMe.app */;
			productType = "com.apple.product-type.application";
		};
/* End PBXNativeTarget section */

/* Begin PBXProject section */
		B6F255052713DF3F0089FF17 /* Project object */ = {
			isa = PBXProject;
			attributes = {
				BuildIndependentTargetsInParallel = 1;
				LastSwiftUpdateCheck = 1300;
				LastUpgradeCheck = 1300;
				TargetAttributes = {
					B6F2550C2713DF400089FF17 = {
						CreatedOnToolsVersion = 13.0;
					};
				};
			};
			buildConfigurationList = B6F255082713DF3F0089FF17 /* Build configuration list for PBXProject "MeetMe" */;
			compatibilityVersion = "Xcode 13.0";
			developmentRegion = en;
			hasScannedForEncodings = 0;
			knownRegions = (
				en,
				Base,
				"es-419",
				es,
			);
			mainGroup = B6F255042713DF3F0089FF17;
			productRefGroup = B6F2550E2713DF400089FF17 /* Products */;
			projectDirPath = "";
			projectRoot = "";
			targets = (
				B6F2550C2713DF400089FF17 /* MeetMe */,
			);
		};
/* End PBXProject section */

/* Begin PBXResourcesBuildPhase section */
		B6F2550B2713DF400089FF17 /* Resources */ = {
			isa = PBXResourcesBuildPhase;
			buildActionMask = 2147483647;
			files = (
				B6F255202713DF420089FF17 /* LaunchScreen.storyboard in Resources */,
				5BE927B42722005A005254BF /* GoogleService-Info.plist in Resources */,
				B6F2551D2713DF420089FF17 /* Assets.xcassets in Resources */,
				B6F255182713DF400089FF17 /* Main.storyboard in Resources */,
				B6ED5CAD2722682600D33A08 /* README.pdf in Resources */,
			);
			runOnlyForDeploymentPostprocessing = 0;
		};
/* End PBXResourcesBuildPhase section */

/* Begin PBXShellScriptBuildPhase section */
		2CC4137BBB7F4B847308F39E /* [CP] Embed Pods Frameworks */ = {
			isa = PBXShellScriptBuildPhase;
			buildActionMask = 2147483647;
			files = (
			);
			inputFileListPaths = (
				"${PODS_ROOT}/Target Support Files/Pods-MeetMe/Pods-MeetMe-frameworks-${CONFIGURATION}-input-files.xcfilelist",
			);
			name = "[CP] Embed Pods Frameworks";
			outputFileListPaths = (
				"${PODS_ROOT}/Target Support Files/Pods-MeetMe/Pods-MeetMe-frameworks-${CONFIGURATION}-output-files.xcfilelist",
			);
			runOnlyForDeploymentPostprocessing = 0;
			shellPath = /bin/sh;
			shellScript = "\"${PODS_ROOT}/Target Support Files/Pods-MeetMe/Pods-MeetMe-frameworks.sh\"\n";
			showEnvVarsInLog = 0;
		};
		7CCAE4F97B567EF048777C3E /* [CP] Check Pods Manifest.lock */ = {
			isa = PBXShellScriptBuildPhase;
			buildActionMask = 2147483647;
			files = (
			);
			inputFileListPaths = (
			);
			inputPaths = (
				"${PODS_PODFILE_DIR_PATH}/Podfile.lock",
				"${PODS_ROOT}/Manifest.lock",
			);
			name = "[CP] Check Pods Manifest.lock";
			outputFileListPaths = (
			);
			outputPaths = (
				"$(DERIVED_FILE_DIR)/Pods-MeetMe-checkManifestLockResult.txt",
			);
			runOnlyForDeploymentPostprocessing = 0;
			shellPath = /bin/sh;
			shellScript = "diff \"${PODS_PODFILE_DIR_PATH}/Podfile.lock\" \"${PODS_ROOT}/Manifest.lock\" > /dev/null\nif [ $? != 0 ] ; then\n    # print error to STDERR\n    echo \"error: The sandbox is not in sync with the Podfile.lock. Run 'pod install' or update your CocoaPods installation.\" >&2\n    exit 1\nfi\n# This output is used by Xcode 'outputs' to avoid re-running this script phase.\necho \"SUCCESS\" > \"${SCRIPT_OUTPUT_FILE_0}\"\n";
			showEnvVarsInLog = 0;
		};
/* End PBXShellScriptBuildPhase section */

/* Begin PBXSourcesBuildPhase section */
		B6F255092713DF400089FF17 /* Sources */ = {
			isa = PBXSourcesBuildPhase;
			buildActionMask = 2147483647;
			files = (
				B6F2552A2714D6120089FF17 /* GroupBrowserViewController.swift in Sources */,
				B6F2552C271529830089FF17 /* GroupCreationViewController.swift in Sources */,
				B6F2551B2713DF400089FF17 /* MeetMe.xcdatamodeld in Sources */,
				B6F255322715F6DF0089FF17 /* GroupSettingsViewController.swift in Sources */,
				B6F2553E271BFA260089FF17 /* MeetMeTabBarController.swift in Sources */,
				A11FC8FE271E279F005C37B1 /* UserClass.swift in Sources */,
				B6F2553C271BE4800089FF17 /* MyStackViewController.swift in Sources */,
				B6F255402720E5E40089FF17 /* EventDetailsViewController.swift in Sources */,
				8D22CE24271CE300001BE602 /* Event.swift in Sources */,
				B6F255152713DF400089FF17 /* ViewController.swift in Sources */,
				A153D6312733611D00DE247E /* GroupsTableViewCell.swift in Sources */,
				B6F2553A271BE4690089FF17 /* NotificationsViewController.swift in Sources */,
				B6F2552E2715395A0089FF17 /* FriendListViewController.swift in Sources */,
				B6F255112713DF400089FF17 /* AppDelegate.swift in Sources */,
				B6F255342716916C0089FF17 /* CreateEventViewController.swift in Sources */,
				B6F25538271BE4530089FF17 /* SearchViewController.swift in Sources */,
				B6F255132713DF400089FF17 /* SceneDelegate.swift in Sources */,
				B6F25530271542F80089FF17 /* GroupStackViewController.swift in Sources */,
				B6F255282714B1220089FF17 /* SignUpViewController.swift in Sources */,
				A11FC8FC271E25C3005C37B1 /* GroupsClass.swift in Sources */,
				B698C9C8274EB0C100B608D6 /* StackTableViewCell.swift in Sources */,
				B6F25536271BE43A0089FF17 /* SettingsViewController.swift in Sources */,
			);
			runOnlyForDeploymentPostprocessing = 0;
		};
/* End PBXSourcesBuildPhase section */

/* Begin PBXVariantGroup section */
		B6F255162713DF400089FF17 /* Main.storyboard */ = {
			isa = PBXVariantGroup;
			children = (
				B6F255172713DF400089FF17 /* Base */,
				5B987BFD27544CFE0082AEC5 /* es-419 */,
				5B987BFF2754543A0082AEC5 /* es */,
			);
			name = Main.storyboard;
			sourceTree = "<group>";
		};
		B6F2551E2713DF420089FF17 /* LaunchScreen.storyboard */ = {
			isa = PBXVariantGroup;
			children = (
				B6F2551F2713DF420089FF17 /* Base */,
				5B987BFE27544D000082AEC5 /* es-419 */,
				5B987C002754543B0082AEC5 /* es */,
			);
			name = LaunchScreen.storyboard;
			sourceTree = "<group>";
		};
/* End PBXVariantGroup section */

/* Begin XCBuildConfiguration section */
		B6F255222713DF420089FF17 /* Debug */ = {
			isa = XCBuildConfiguration;
			buildSettings = {
				ALWAYS_SEARCH_USER_PATHS = NO;
				CLANG_ANALYZER_LOCALIZABILITY_NONLOCALIZED = YES;
				CLANG_ANALYZER_NONNULL = YES;
				CLANG_ANALYZER_NUMBER_OBJECT_CONVERSION = YES_AGGRESSIVE;
				CLANG_CXX_LANGUAGE_STANDARD = "gnu++17";
				CLANG_CXX_LIBRARY = "libc++";
				CLANG_ENABLE_MODULES = YES;
				CLANG_ENABLE_OBJC_ARC = YES;
				CLANG_ENABLE_OBJC_WEAK = YES;
				CLANG_WARN_BLOCK_CAPTURE_AUTORELEASING = YES;
				CLANG_WARN_BOOL_CONVERSION = YES;
				CLANG_WARN_COMMA = YES;
				CLANG_WARN_CONSTANT_CONVERSION = YES;
				CLANG_WARN_DEPRECATED_OBJC_IMPLEMENTATIONS = YES;
				CLANG_WARN_DIRECT_OBJC_ISA_USAGE = YES_ERROR;
				CLANG_WARN_DOCUMENTATION_COMMENTS = YES;
				CLANG_WARN_EMPTY_BODY = YES;
				CLANG_WARN_ENUM_CONVERSION = YES;
				CLANG_WARN_INFINITE_RECURSION = YES;
				CLANG_WARN_INT_CONVERSION = YES;
				CLANG_WARN_NON_LITERAL_NULL_CONVERSION = YES;
				CLANG_WARN_OBJC_IMPLICIT_RETAIN_SELF = YES;
				CLANG_WARN_OBJC_LITERAL_CONVERSION = YES;
				CLANG_WARN_OBJC_ROOT_CLASS = YES_ERROR;
				CLANG_WARN_QUOTED_INCLUDE_IN_FRAMEWORK_HEADER = YES;
				CLANG_WARN_RANGE_LOOP_ANALYSIS = YES;
				CLANG_WARN_STRICT_PROTOTYPES = YES;
				CLANG_WARN_SUSPICIOUS_MOVE = YES;
				CLANG_WARN_UNGUARDED_AVAILABILITY = YES_AGGRESSIVE;
				CLANG_WARN_UNREACHABLE_CODE = YES;
				CLANG_WARN__DUPLICATE_METHOD_MATCH = YES;
				COPY_PHASE_STRIP = NO;
				DEBUG_INFORMATION_FORMAT = dwarf;
				ENABLE_STRICT_OBJC_MSGSEND = YES;
				ENABLE_TESTABILITY = YES;
				GCC_C_LANGUAGE_STANDARD = gnu11;
				GCC_DYNAMIC_NO_PIC = NO;
				GCC_NO_COMMON_BLOCKS = YES;
				GCC_OPTIMIZATION_LEVEL = 0;
				GCC_PREPROCESSOR_DEFINITIONS = (
					"DEBUG=1",
					"$(inherited)",
				);
				GCC_WARN_64_TO_32_BIT_CONVERSION = YES;
				GCC_WARN_ABOUT_RETURN_TYPE = YES_ERROR;
				GCC_WARN_UNDECLARED_SELECTOR = YES;
				GCC_WARN_UNINITIALIZED_AUTOS = YES_AGGRESSIVE;
				GCC_WARN_UNUSED_FUNCTION = YES;
				GCC_WARN_UNUSED_VARIABLE = YES;
				IPHONEOS_DEPLOYMENT_TARGET = 15.0;
				MTL_ENABLE_DEBUG_INFO = INCLUDE_SOURCE;
				MTL_FAST_MATH = YES;
				ONLY_ACTIVE_ARCH = YES;
				SDKROOT = iphoneos;
				SWIFT_ACTIVE_COMPILATION_CONDITIONS = DEBUG;
				SWIFT_OPTIMIZATION_LEVEL = "-Onone";
			};
			name = Debug;
		};
		B6F255232713DF420089FF17 /* Release */ = {
			isa = XCBuildConfiguration;
			buildSettings = {
				ALWAYS_SEARCH_USER_PATHS = NO;
				CLANG_ANALYZER_LOCALIZABILITY_NONLOCALIZED = YES;
				CLANG_ANALYZER_NONNULL = YES;
				CLANG_ANALYZER_NUMBER_OBJECT_CONVERSION = YES_AGGRESSIVE;
				CLANG_CXX_LANGUAGE_STANDARD = "gnu++17";
				CLANG_CXX_LIBRARY = "libc++";
				CLANG_ENABLE_MODULES = YES;
				CLANG_ENABLE_OBJC_ARC = YES;
				CLANG_ENABLE_OBJC_WEAK = YES;
				CLANG_WARN_BLOCK_CAPTURE_AUTORELEASING = YES;
				CLANG_WARN_BOOL_CONVERSION = YES;
				CLANG_WARN_COMMA = YES;
				CLANG_WARN_CONSTANT_CONVERSION = YES;
				CLANG_WARN_DEPRECATED_OBJC_IMPLEMENTATIONS = YES;
				CLANG_WARN_DIRECT_OBJC_ISA_USAGE = YES_ERROR;
				CLANG_WARN_DOCUMENTATION_COMMENTS = YES;
				CLANG_WARN_EMPTY_BODY = YES;
				CLANG_WARN_ENUM_CONVERSION = YES;
				CLANG_WARN_INFINITE_RECURSION = YES;
				CLANG_WARN_INT_CONVERSION = YES;
				CLANG_WARN_NON_LITERAL_NULL_CONVERSION = YES;
				CLANG_WARN_OBJC_IMPLICIT_RETAIN_SELF = YES;
				CLANG_WARN_OBJC_LITERAL_CONVERSION = YES;
				CLANG_WARN_OBJC_ROOT_CLASS = YES_ERROR;
				CLANG_WARN_QUOTED_INCLUDE_IN_FRAMEWORK_HEADER = YES;
				CLANG_WARN_RANGE_LOOP_ANALYSIS = YES;
				CLANG_WARN_STRICT_PROTOTYPES = YES;
				CLANG_WARN_SUSPICIOUS_MOVE = YES;
				CLANG_WARN_UNGUARDED_AVAILABILITY = YES_AGGRESSIVE;
				CLANG_WARN_UNREACHABLE_CODE = YES;
				CLANG_WARN__DUPLICATE_METHOD_MATCH = YES;
				COPY_PHASE_STRIP = NO;
				DEBUG_INFORMATION_FORMAT = "dwarf-with-dsym";
				ENABLE_NS_ASSERTIONS = NO;
				ENABLE_STRICT_OBJC_MSGSEND = YES;
				GCC_C_LANGUAGE_STANDARD = gnu11;
				GCC_NO_COMMON_BLOCKS = YES;
				GCC_WARN_64_TO_32_BIT_CONVERSION = YES;
				GCC_WARN_ABOUT_RETURN_TYPE = YES_ERROR;
				GCC_WARN_UNDECLARED_SELECTOR = YES;
				GCC_WARN_UNINITIALIZED_AUTOS = YES_AGGRESSIVE;
				GCC_WARN_UNUSED_FUNCTION = YES;
				GCC_WARN_UNUSED_VARIABLE = YES;
				IPHONEOS_DEPLOYMENT_TARGET = 15.0;
				MTL_ENABLE_DEBUG_INFO = NO;
				MTL_FAST_MATH = YES;
				SDKROOT = iphoneos;
				SWIFT_COMPILATION_MODE = wholemodule;
				SWIFT_OPTIMIZATION_LEVEL = "-O";
				VALIDATE_PRODUCT = YES;
			};
			name = Release;
		};
		B6F255252713DF420089FF17 /* Debug */ = {
			isa = XCBuildConfiguration;
			baseConfigurationReference = C7D0EE66F11416DA690E5EA7 /* Pods-MeetMe.debug.xcconfig */;
			buildSettings = {
				ASSETCATALOG_COMPILER_APPICON_NAME = AppIcon;
				ASSETCATALOG_COMPILER_GLOBAL_ACCENT_COLOR_NAME = AccentColor;
				CODE_SIGN_STYLE = Automatic;
				CURRENT_PROJECT_VERSION = 1;
				DEVELOPMENT_TEAM = A2LZV9YN8V;
				GENERATE_INFOPLIST_FILE = YES;
				INFOPLIST_FILE = MeetMe/Info.plist;
				INFOPLIST_KEY_UIApplicationSupportsIndirectInputEvents = YES;
				INFOPLIST_KEY_UILaunchStoryboardName = LaunchScreen;
				INFOPLIST_KEY_UIMainStoryboardFile = Main;
				INFOPLIST_KEY_UISupportedInterfaceOrientations = UIInterfaceOrientationPortrait;
				INFOPLIST_KEY_UISupportedInterfaceOrientations_iPad = "UIInterfaceOrientationPortrait UIInterfaceOrientationPortraitUpsideDown UIInterfaceOrientationLandscapeLeft UIInterfaceOrientationLandscapeRight";
				INFOPLIST_KEY_UISupportedInterfaceOrientations_iPhone = "UIInterfaceOrientationPortrait UIInterfaceOrientationLandscapeLeft UIInterfaceOrientationLandscapeRight";
				LD_RUNPATH_SEARCH_PATHS = (
					"$(inherited)",
					"@executable_path/Frameworks",
				);
				MARKETING_VERSION = 1.0;
				PRODUCT_BUNDLE_IDENTIFIER = utcs.MeetMe;
				PRODUCT_NAME = "$(TARGET_NAME)";
				SWIFT_EMIT_LOC_STRINGS = YES;
				SWIFT_VERSION = 5.0;
				TARGETED_DEVICE_FAMILY = "1,2";
			};
			name = Debug;
		};
		B6F255262713DF420089FF17 /* Release */ = {
			isa = XCBuildConfiguration;
			baseConfigurationReference = 72988190ACDF0A01EC9E0CE9 /* Pods-MeetMe.release.xcconfig */;
			buildSettings = {
				ASSETCATALOG_COMPILER_APPICON_NAME = AppIcon;
				ASSETCATALOG_COMPILER_GLOBAL_ACCENT_COLOR_NAME = AccentColor;
				CODE_SIGN_STYLE = Automatic;
				CURRENT_PROJECT_VERSION = 1;
				DEVELOPMENT_TEAM = A2LZV9YN8V;
				GENERATE_INFOPLIST_FILE = YES;
				INFOPLIST_FILE = MeetMe/Info.plist;
				INFOPLIST_KEY_UIApplicationSupportsIndirectInputEvents = YES;
				INFOPLIST_KEY_UILaunchStoryboardName = LaunchScreen;
				INFOPLIST_KEY_UIMainStoryboardFile = Main;
				INFOPLIST_KEY_UISupportedInterfaceOrientations = UIInterfaceOrientationPortrait;
				INFOPLIST_KEY_UISupportedInterfaceOrientations_iPad = "UIInterfaceOrientationPortrait UIInterfaceOrientationPortraitUpsideDown UIInterfaceOrientationLandscapeLeft UIInterfaceOrientationLandscapeRight";
				INFOPLIST_KEY_UISupportedInterfaceOrientations_iPhone = "UIInterfaceOrientationPortrait UIInterfaceOrientationLandscapeLeft UIInterfaceOrientationLandscapeRight";
				LD_RUNPATH_SEARCH_PATHS = (
					"$(inherited)",
					"@executable_path/Frameworks",
				);
				MARKETING_VERSION = 1.0;
				PRODUCT_BUNDLE_IDENTIFIER = utcs.MeetMe;
				PRODUCT_NAME = "$(TARGET_NAME)";
				SWIFT_EMIT_LOC_STRINGS = YES;
				SWIFT_VERSION = 5.0;
				TARGETED_DEVICE_FAMILY = "1,2";
			};
			name = Release;
		};
/* End XCBuildConfiguration section */

/* Begin XCConfigurationList section */
		B6F255082713DF3F0089FF17 /* Build configuration list for PBXProject "MeetMe" */ = {
			isa = XCConfigurationList;
			buildConfigurations = (
				B6F255222713DF420089FF17 /* Debug */,
				B6F255232713DF420089FF17 /* Release */,
			);
			defaultConfigurationIsVisible = 0;
			defaultConfigurationName = Release;
		};
		B6F255242713DF420089FF17 /* Build configuration list for PBXNativeTarget "MeetMe" */ = {
			isa = XCConfigurationList;
			buildConfigurations = (
				B6F255252713DF420089FF17 /* Debug */,
				B6F255262713DF420089FF17 /* Release */,
			);
			defaultConfigurationIsVisible = 0;
			defaultConfigurationName = Release;
		};
/* End XCConfigurationList section */

/* Begin XCVersionGroup section */
		B6F255192713DF400089FF17 /* MeetMe.xcdatamodeld */ = {
			isa = XCVersionGroup;
			children = (
				B6F2551A2713DF400089FF17 /* MeetMe.xcdatamodel */,
			);
			currentVersion = B6F2551A2713DF400089FF17 /* MeetMe.xcdatamodel */;
			path = MeetMe.xcdatamodeld;
			sourceTree = "<group>";
			versionGroupType = wrapper.xcdatamodel;
		};
/* End XCVersionGroup section */
	};
	rootObject = B6F255052713DF3F0089FF17 /* Project object */;
}
